
Microsoft Visual Studio Solution File, Format Version 12.00
# Visual Studio Version 17
VisualStudioVersion = 17.5.002.0
MinimumVisualStudioVersion = 10.0.40219.1
Project("{9A19103F-16F7-4668-BE54-9A1E7A4F7556}") = "TimeoutLockExample", "TimeoutLockExample.csproj", "{68BED3D7-4F95-4959-A278-0391A5858420}"
EndProject
Global
	GlobalSection(SolutionConfigurationPlatforms) = preSolution
		Debug|Any CPU = Debug|Any CPU
		Release|Any CPU = Release|Any CPU
	EndGlobalSection
	GlobalSection(ProjectConfigurationPlatforms) = postSolution
		{68BED3D7-4F95-4959-A278-0391A5858420}.Debug|Any CPU.ActiveCfg = Debug|Any CPU
		{68BED3D7-4F95-4959-A278-0391A5858420}.Debug|Any CPU.Build.0 = Debug|Any CPU
		{68BED3D7-4F95-4959-A278-0391A5858420}.Release|Any CPU.ActiveCfg = Release|Any CPU
		{68BED3D7-4F95-4959-A278-0391A5858420}.Release|Any CPU.Build.0 = Release|Any CPU
	EndGlobalSection
	GlobalSection(SolutionProperties) = preSolution
		HideSolutionNode = FALSE
	EndGlobalSection
	GlobalSection(ExtensibilityGlobals) = postSolution
		SolutionGuid = {991101EA-07D4-45B5-B54A-7143345FC3D4}
	EndGlobalSection
EndGlobal
